
Microsoft Visual Studio Solution File, Format Version 12.00
# Visual Studio Version 17
VisualStudioVersion = 17.8.34525.116
MinimumVisualStudioVersion = 10.0.40219.1
Project("{9A19103F-16F7-4668-BE54-9A1E7A4F7556}") = "Gamma_News", "Gamma_News.csproj", "{6F3B57A5-BBC9-4A0F-A62A-9283DF080B4F}"
EndProject
Project("{FAE04EC0-301F-11D3-BF4B-00C04F79EFBC}") = "sending_ze_emails", "..\sending_ze_emails\sending_ze_emails.csproj", "{4D3485FB-3D6C-449A-BBC5-38579BBB0BA6}"
EndProject
Global
	GlobalSection(SolutionConfigurationPlatforms) = preSolution
		Debug|Any CPU = Debug|Any CPU
		Release|Any CPU = Release|Any CPU
	EndGlobalSection
	GlobalSection(ProjectConfigurationPlatforms) = postSolution
		{6F3B57A5-BBC9-4A0F-A62A-9283DF080B4F}.Debug|Any CPU.ActiveCfg = Debug|Any CPU
		{6F3B57A5-BBC9-4A0F-A62A-9283DF080B4F}.Debug|Any CPU.Build.0 = Debug|Any CPU
		{6F3B57A5-BBC9-4A0F-A62A-9283DF080B4F}.Release|Any CPU.ActiveCfg = Release|Any CPU
		{6F3B57A5-BBC9-4A0F-A62A-9283DF080B4F}.Release|Any CPU.Build.0 = Release|Any CPU
		{4D3485FB-3D6C-449A-BBC5-38579BBB0BA6}.Debug|Any CPU.ActiveCfg = Debug|Any CPU
		{4D3485FB-3D6C-449A-BBC5-38579BBB0BA6}.Debug|Any CPU.Build.0 = Debug|Any CPU
		{4D3485FB-3D6C-449A-BBC5-38579BBB0BA6}.Release|Any CPU.ActiveCfg = Release|Any CPU
		{4D3485FB-3D6C-449A-BBC5-38579BBB0BA6}.Release|Any CPU.Build.0 = Release|Any CPU
	EndGlobalSection
	GlobalSection(SolutionProperties) = preSolution
		HideSolutionNode = FALSE
	EndGlobalSection
	GlobalSection(ExtensibilityGlobals) = postSolution
		SolutionGuid = {B2069B77-35CB-4B96-980A-BA29C11D7119}
	EndGlobalSection
EndGlobal
